
Microsoft Visual Studio Solution File, Format Version 12.00
# Visual Studio Version 17
VisualStudioVersion = 17.8.34408.163
MinimumVisualStudioVersion = 10.0.40219.1
Project("{FAE04EC0-301F-11D3-BF4B-00C04F79EFBC}") = "Lab01-Q02", "Lab01-Q02\Lab01-Q02.csproj", "{AA340855-F31D-4CA5-B432-EB9C7B8E4B87}"
EndProject
Project("{FAE04EC0-301F-11D3-BF4B-00C04F79EFBC}") = "Lab01-Q01", "Lab01-Q01\Lab01-Q01.csproj", "{0C6AE0C9-86B7-48C0-A8F2-973DA3E7D3F3}"
EndProject
Project("{FAE04EC0-301F-11D3-BF4B-00C04F79EFBC}") = "Lab01-Q03", "Lab01-Q03\Lab01-Q03.csproj", "{4F2882F3-FF59-40B9-AD5A-58E5776824B6}"
EndProject
Project("{FAE04EC0-301F-11D3-BF4B-00C04F79EFBC}") = "Lab01-Q04", "Lab01-Q04\Lab01-Q04.csproj", "{C2252BAD-9BCC-4F84-A2AF-1AA1E2632250}"
EndProject
Project("{FAE04EC0-301F-11D3-BF4B-00C04F79EFBC}") = "Lab01-Q05", "Lab01-Q05\Lab01-Q05.csproj", "{8205DCFC-3E52-4898-BEC1-EBEA248C266D}"
EndProject
Project("{FAE04EC0-301F-11D3-BF4B-00C04F79EFBC}") = "Lab01-Q06", "Lab01-Q06\Lab01-Q06.csproj", "{23334756-D489-497C-AD42-EA918D4F3C31}"
EndProject
Project("{FAE04EC0-301F-11D3-BF4B-00C04F79EFBC}") = "Lab01-Q07", "Lab01-Q07\Lab01-Q07.csproj", "{43CAF0BD-CB07-4443-B508-FDF5A79314D8}"
EndProject
Project("{FAE04EC0-301F-11D3-BF4B-00C04F79EFBC}") = "Lab02-Q01", "Lab02-Q01\Lab02-Q01.csproj", "{B661F9A2-AA96-4F8A-8AB9-60B5FD072DC9}"
EndProject
Project("{FAE04EC0-301F-11D3-BF4B-00C04F79EFBC}") = "Lab02-Q02", "Lab02-Q02\Lab02-Q02.csproj", "{FA77A004-24AD-4AC0-8A78-CF9423B19012}"
EndProject
Project("{FAE04EC0-301F-11D3-BF4B-00C04F79EFBC}") = "Lab02-Q03", "Lab02-Q03\Lab02-Q03.csproj", "{0B3DEA0A-7E38-42B4-AA4F-C568E89B71DD}"
EndProject
Project("{FAE04EC0-301F-11D3-BF4B-00C04F79EFBC}") = "Lab02-Q04", "Lab02-Q04\Lab02-Q04.csproj", "{A3FE3E80-B487-4E59-90A8-8FEDBAF6A608}"
EndProject
Project("{FAE04EC0-301F-11D3-BF4B-00C04F79EFBC}") = "Lab02-Q05", "Lab02-Q05\Lab02-Q05.csproj", "{CBFDEEB1-D986-4D19-80D5-49B2F5BE7658}"
EndProject
Project("{FAE04EC0-301F-11D3-BF4B-00C04F79EFBC}") = "Lab03-Q01", "Lab03-Q01\Lab03-Q01.csproj", "{B391CB8D-54C5-4252-9087-278A7F387579}"
EndProject
Project("{FAE04EC0-301F-11D3-BF4B-00C04F79EFBC}") = "Lab03-Q02", "Lab03-Q02\Lab03-Q02.csproj", "{8BE3EBC6-E70E-42A9-B109-78D1469ED06D}"
EndProject
Project("{FAE04EC0-301F-11D3-BF4B-00C04F79EFBC}") = "Lab03-Q03", "Lab03-Q03\Lab03-Q03.csproj", "{906C44F5-8AF7-4F19-99E4-A9245BD5B737}"
EndProject
Project("{FAE04EC0-301F-11D3-BF4B-00C04F79EFBC}") = "Lab03-Q04", "Lab03-Q04\Lab03-Q04.csproj", "{EA2E715A-587B-4BA1-BD01-A962456A0C6A}"
EndProject
Project("{FAE04EC0-301F-11D3-BF4B-00C04F79EFBC}") = "Lab04-TheCalculator", "Lab04-TheCalculator\Lab04-TheCalculator.csproj", "{5FF5AEA4-D93E-46CA-ADE2-9FE56D33E77D}"
EndProject
Project("{FAE04EC0-301F-11D3-BF4B-00C04F79EFBC}") = "Lab05-A", "Lab05-A\Lab05-A.csproj", "{D7F79B35-F462-4C59-AEDC-4DF93EDDB527}"
EndProject
Global
	GlobalSection(SolutionConfigurationPlatforms) = preSolution
		Debug|Any CPU = Debug|Any CPU
		Release|Any CPU = Release|Any CPU
	EndGlobalSection
	GlobalSection(ProjectConfigurationPlatforms) = postSolution
		{AA340855-F31D-4CA5-B432-EB9C7B8E4B87}.Debug|Any CPU.ActiveCfg = Debug|Any CPU
		{AA340855-F31D-4CA5-B432-EB9C7B8E4B87}.Debug|Any CPU.Build.0 = Debug|Any CPU
		{AA340855-F31D-4CA5-B432-EB9C7B8E4B87}.Release|Any CPU.ActiveCfg = Release|Any CPU
		{AA340855-F31D-4CA5-B432-EB9C7B8E4B87}.Release|Any CPU.Build.0 = Release|Any CPU
		{0C6AE0C9-86B7-48C0-A8F2-973DA3E7D3F3}.Debug|Any CPU.ActiveCfg = Debug|Any CPU
		{0C6AE0C9-86B7-48C0-A8F2-973DA3E7D3F3}.Debug|Any CPU.Build.0 = Debug|Any CPU
		{0C6AE0C9-86B7-48C0-A8F2-973DA3E7D3F3}.Release|Any CPU.ActiveCfg = Release|Any CPU
		{0C6AE0C9-86B7-48C0-A8F2-973DA3E7D3F3}.Release|Any CPU.Build.0 = Release|Any CPU
		{4F2882F3-FF59-40B9-AD5A-58E5776824B6}.Debug|Any CPU.ActiveCfg = Debug|Any CPU
		{4F2882F3-FF59-40B9-AD5A-58E5776824B6}.Debug|Any CPU.Build.0 = Debug|Any CPU
		{4F2882F3-FF59-40B9-AD5A-58E5776824B6}.Release|Any CPU.ActiveCfg = Release|Any CPU
		{4F2882F3-FF59-40B9-AD5A-58E5776824B6}.Release|Any CPU.Build.0 = Release|Any CPU
		{C2252BAD-9BCC-4F84-A2AF-1AA1E2632250}.Debug|Any CPU.ActiveCfg = Debug|Any CPU
		{C2252BAD-9BCC-4F84-A2AF-1AA1E2632250}.Debug|Any CPU.Build.0 = Debug|Any CPU
		{C2252BAD-9BCC-4F84-A2AF-1AA1E2632250}.Release|Any CPU.ActiveCfg = Release|Any CPU
		{C2252BAD-9BCC-4F84-A2AF-1AA1E2632250}.Release|Any CPU.Build.0 = Release|Any CPU
		{8205DCFC-3E52-4898-BEC1-EBEA248C266D}.Debug|Any CPU.ActiveCfg = Debug|Any CPU
		{8205DCFC-3E52-4898-BEC1-EBEA248C266D}.Debug|Any CPU.Build.0 = Debug|Any CPU
		{8205DCFC-3E52-4898-BEC1-EBEA248C266D}.Release|Any CPU.ActiveCfg = Release|Any CPU
		{8205DCFC-3E52-4898-BEC1-EBEA248C266D}.Release|Any CPU.Build.0 = Release|Any CPU
		{23334756-D489-497C-AD42-EA918D4F3C31}.Debug|Any CPU.ActiveCfg = Debug|Any CPU
		{23334756-D489-497C-AD42-EA918D4F3C31}.Debug|Any CPU.Build.0 = Debug|Any CPU
		{23334756-D489-497C-AD42-EA918D4F3C31}.Release|Any CPU.ActiveCfg = Release|Any CPU
		{23334756-D489-497C-AD42-EA918D4F3C31}.Release|Any CPU.Build.0 = Release|Any CPU
		{43CAF0BD-CB07-4443-B508-FDF5A79314D8}.Debug|Any CPU.ActiveCfg = Debug|Any CPU
		{43CAF0BD-CB07-4443-B508-FDF5A79314D8}.Debug|Any CPU.Build.0 = Debug|Any CPU
		{43CAF0BD-CB07-4443-B508-FDF5A79314D8}.Release|Any CPU.ActiveCfg = Release|Any CPU
		{43CAF0BD-CB07-4443-B508-FDF5A79314D8}.Release|Any CPU.Build.0 = Release|Any CPU
		{B661F9A2-AA96-4F8A-8AB9-60B5FD072DC9}.Debug|Any CPU.ActiveCfg = Debug|Any CPU
		{B661F9A2-AA96-4F8A-8AB9-60B5FD072DC9}.Debug|Any CPU.Build.0 = Debug|Any CPU
		{B661F9A2-AA96-4F8A-8AB9-60B5FD072DC9}.Release|Any CPU.ActiveCfg = Release|Any CPU
		{B661F9A2-AA96-4F8A-8AB9-60B5FD072DC9}.Release|Any CPU.Build.0 = Release|Any CPU
		{FA77A004-24AD-4AC0-8A78-CF9423B19012}.Debug|Any CPU.ActiveCfg = Debug|Any CPU
		{FA77A004-24AD-4AC0-8A78-CF9423B19012}.Debug|Any CPU.Build.0 = Debug|Any CPU
		{FA77A004-24AD-4AC0-8A78-CF9423B19012}.Release|Any CPU.ActiveCfg = Release|Any CPU
		{FA77A004-24AD-4AC0-8A78-CF9423B19012}.Release|Any CPU.Build.0 = Release|Any CPU
		{0B3DEA0A-7E38-42B4-AA4F-C568E89B71DD}.Debug|Any CPU.ActiveCfg = Debug|Any CPU
		{0B3DEA0A-7E38-42B4-AA4F-C568E89B71DD}.Debug|Any CPU.Build.0 = Debug|Any CPU
		{0B3DEA0A-7E38-42B4-AA4F-C568E89B71DD}.Release|Any CPU.ActiveCfg = Release|Any CPU
		{0B3DEA0A-7E38-42B4-AA4F-C568E89B71DD}.Release|Any CPU.Build.0 = Release|Any CPU
		{A3FE3E80-B487-4E59-90A8-8FEDBAF6A608}.Debug|Any CPU.ActiveCfg = Debug|Any CPU
		{A3FE3E80-B487-4E59-90A8-8FEDBAF6A608}.Debug|Any CPU.Build.0 = Debug|Any CPU
		{A3FE3E80-B487-4E59-90A8-8FEDBAF6A608}.Release|Any CPU.ActiveCfg = Release|Any CPU
		{A3FE3E80-B487-4E59-90A8-8FEDBAF6A608}.Release|Any CPU.Build.0 = Release|Any CPU
		{CBFDEEB1-D986-4D19-80D5-49B2F5BE7658}.Debug|Any CPU.ActiveCfg = Debug|Any CPU
		{CBFDEEB1-D986-4D19-80D5-49B2F5BE7658}.Debug|Any CPU.Build.0 = Debug|Any CPU
		{CBFDEEB1-D986-4D19-80D5-49B2F5BE7658}.Release|Any CPU.ActiveCfg = Release|Any CPU
		{CBFDEEB1-D986-4D19-80D5-49B2F5BE7658}.Release|Any CPU.Build.0 = Release|Any CPU
		{B391CB8D-54C5-4252-9087-278A7F387579}.Debug|Any CPU.ActiveCfg = Debug|Any CPU
		{B391CB8D-54C5-4252-9087-278A7F387579}.Debug|Any CPU.Build.0 = Debug|Any CPU
		{B391CB8D-54C5-4252-9087-278A7F387579}.Release|Any CPU.ActiveCfg = Release|Any CPU
		{B391CB8D-54C5-4252-9087-278A7F387579}.Release|Any CPU.Build.0 = Release|Any CPU
		{8BE3EBC6-E70E-42A9-B109-78D1469ED06D}.Debug|Any CPU.ActiveCfg = Debug|Any CPU
		{8BE3EBC6-E70E-42A9-B109-78D1469ED06D}.Debug|Any CPU.Build.0 = Debug|Any CPU
		{8BE3EBC6-E70E-42A9-B109-78D1469ED06D}.Release|Any CPU.ActiveCfg = Release|Any CPU
		{8BE3EBC6-E70E-42A9-B109-78D1469ED06D}.Release|Any CPU.Build.0 = Release|Any CPU
		{906C44F5-8AF7-4F19-99E4-A9245BD5B737}.Debug|Any CPU.ActiveCfg = Debug|Any CPU
		{906C44F5-8AF7-4F19-99E4-A9245BD5B737}.Debug|Any CPU.Build.0 = Debug|Any CPU
		{906C44F5-8AF7-4F19-99E4-A9245BD5B737}.Release|Any CPU.ActiveCfg = Release|Any CPU
		{906C44F5-8AF7-4F19-99E4-A9245BD5B737}.Release|Any CPU.Build.0 = Release|Any CPU
		{EA2E715A-587B-4BA1-BD01-A962456A0C6A}.Debug|Any CPU.ActiveCfg = Debug|Any CPU
		{EA2E715A-587B-4BA1-BD01-A962456A0C6A}.Debug|Any CPU.Build.0 = Debug|Any CPU
		{EA2E715A-587B-4BA1-BD01-A962456A0C6A}.Release|Any CPU.ActiveCfg = Release|Any CPU
		{EA2E715A-587B-4BA1-BD01-A962456A0C6A}.Release|Any CPU.Build.0 = Release|Any CPU
		{5FF5AEA4-D93E-46CA-ADE2-9FE56D33E77D}.Debug|Any CPU.ActiveCfg = Debug|Any CPU
		{5FF5AEA4-D93E-46CA-ADE2-9FE56D33E77D}.Debug|Any CPU.Build.0 = Debug|Any CPU
		{5FF5AEA4-D93E-46CA-ADE2-9FE56D33E77D}.Release|Any CPU.ActiveCfg = Release|Any CPU
		{5FF5AEA4-D93E-46CA-ADE2-9FE56D33E77D}.Release|Any CPU.Build.0 = Release|Any CPU
		{D7F79B35-F462-4C59-AEDC-4DF93EDDB527}.Debug|Any CPU.ActiveCfg = Debug|Any CPU
		{D7F79B35-F462-4C59-AEDC-4DF93EDDB527}.Debug|Any CPU.Build.0 = Debug|Any CPU
		{D7F79B35-F462-4C59-AEDC-4DF93EDDB527}.Release|Any CPU.ActiveCfg = Release|Any CPU
		{D7F79B35-F462-4C59-AEDC-4DF93EDDB527}.Release|Any CPU.Build.0 = Release|Any CPU
	EndGlobalSection
	GlobalSection(SolutionProperties) = preSolution
		HideSolutionNode = FALSE
	EndGlobalSection
	GlobalSection(ExtensibilityGlobals) = postSolution
		SolutionGuid = {1B7FB510-E910-450D-B196-0EA1F8BDEF3F}
	EndGlobalSection
EndGlobal
